{
  "name": "flow-raffle",
  "lockfileVersion": 2,
  "requires": true,
  "packages": {
    "": {
      "dependencies": {
        "@flowtyio/flow-contracts": "^0.1.0-beta.23"
      }
    },
    "node_modules/@flowtyio/flow-contracts": {
      "version": "0.1.0-beta.23",
      "resolved": "https://registry.npmjs.org/@flowtyio/flow-contracts/-/flow-contracts-0.1.0-beta.23.tgz",
      "integrity": "sha512-UJHC8Qm5oYfOr7Bt+3I5KFPZgKVUVwdTlsUgkCLHW7Xo4o/w4KHMuyw4vHX0oLT8twYhU9bOUac/2p/rJDZe1w==",
      "dependencies": {
        "commander": "^11.0.0"
      },
      "bin": {
        "flow-contracts": "index.js"
      }
    },
    "node_modules/commander": {
      "version": "11.1.0",
      "resolved": "https://registry.npmjs.org/commander/-/commander-11.1.0.tgz",
      "integrity": "sha512-yPVavfyCcRhmorC7rWlkHn15b4wDVgVmBA7kV4QVBsF7kv/9TKJAbAXVTxvTnwP8HHKjRCJDClKbciiYS7p0DQ==",
      "engines": {
        "node": ">=16"
      }
    }
  },
  "dependencies": {
    "@flowtyio/flow-contracts": {
      "version": "0.1.0-beta.23",
      "resolved": "https://registry.npmjs.org/@flowtyio/flow-contracts/-/flow-contracts-0.1.0-beta.23.tgz",
      "integrity": "sha512-UJHC8Qm5oYfOr7Bt+3I5KFPZgKVUVwdTlsUgkCLHW7Xo4o/w4KHMuyw4vHX0oLT8twYhU9bOUac/2p/rJDZe1w==",
      "requires": {
        "commander": "^11.0.0"
      }
    },
    "commander": {
      "version": "11.1.0",
      "resolved": "https://registry.npmjs.org/commander/-/commander-11.1.0.tgz",
      "integrity": "sha512-yPVavfyCcRhmorC7rWlkHn15b4wDVgVmBA7kV4QVBsF7kv/9TKJAbAXVTxvTnwP8HHKjRCJDClKbciiYS7p0DQ=="
    }
  }
}
